
Microsoft Visual Studio Solution File, Format Version 12.00
# Visual Studio Version 17
VisualStudioVersion = 17.7.34018.315
MinimumVisualStudioVersion = 10.0.40219.1
Project("{FAE04EC0-301F-11D3-BF4B-00C04F79EFBC}") = "Maestro", "Maestro\Maestro.csproj", "{154C26DC-DDA2-41D2-BD77-6B79C011C397}"
EndProject
Project("{FAE04EC0-301F-11D3-BF4B-00C04F79EFBC}") = "Biblio", "Biblio\Biblio.csproj", "{77A58E0F-C292-4E34-A5E0-03CD56E1FDF2}"
EndProject
Global
	GlobalSection(SolutionConfigurationPlatforms) = preSolution
		Debug|Any CPU = Debug|Any CPU
		Release|Any CPU = Release|Any CPU
	EndGlobalSection
	GlobalSection(ProjectConfigurationPlatforms) = postSolution
		{154C26DC-DDA2-41D2-BD77-6B79C011C397}.Debug|Any CPU.ActiveCfg = Debug|Any CPU
		{154C26DC-DDA2-41D2-BD77-6B79C011C397}.Debug|Any CPU.Build.0 = Debug|Any CPU
		{154C26DC-DDA2-41D2-BD77-6B79C011C397}.Release|Any CPU.ActiveCfg = Release|Any CPU
		{154C26DC-DDA2-41D2-BD77-6B79C011C397}.Release|Any CPU.Build.0 = Release|Any CPU
		{77A58E0F-C292-4E34-A5E0-03CD56E1FDF2}.Debug|Any CPU.ActiveCfg = Debug|Any CPU
		{77A58E0F-C292-4E34-A5E0-03CD56E1FDF2}.Debug|Any CPU.Build.0 = Debug|Any CPU
		{77A58E0F-C292-4E34-A5E0-03CD56E1FDF2}.Release|Any CPU.ActiveCfg = Release|Any CPU
		{77A58E0F-C292-4E34-A5E0-03CD56E1FDF2}.Release|Any CPU.Build.0 = Release|Any CPU
	EndGlobalSection
	GlobalSection(SolutionProperties) = preSolution
		HideSolutionNode = FALSE
	EndGlobalSection
	GlobalSection(ExtensibilityGlobals) = postSolution
		SolutionGuid = {2861AC14-ADF6-4B6B-B17A-5CF520395303}
	EndGlobalSection
EndGlobal
